
Microsoft Visual Studio Solution File, Format Version 12.00
# Visual Studio Version 16
VisualStudioVersion = 16.0.30225.117
MinimumVisualStudioVersion = 10.0.40219.1
Project("{9092AA53-FB77-4645-B42D-1CCCA6BD08BD}") = "BlogShark", "BlogShark\BlogShark.njsproj", "{E87E851B-E5BF-46EA-A196-D0C0E60D8DDF}"
EndProject
Global
	GlobalSection(SolutionConfigurationPlatforms) = preSolution
		Debug|Any CPU = Debug|Any CPU
		Release|Any CPU = Release|Any CPU
	EndGlobalSection
	GlobalSection(ProjectConfigurationPlatforms) = postSolution
		{E87E851B-E5BF-46EA-A196-D0C0E60D8DDF}.Debug|Any CPU.ActiveCfg = Debug|Any CPU
		{E87E851B-E5BF-46EA-A196-D0C0E60D8DDF}.Debug|Any CPU.Build.0 = Debug|Any CPU
		{E87E851B-E5BF-46EA-A196-D0C0E60D8DDF}.Release|Any CPU.ActiveCfg = Release|Any CPU
		{E87E851B-E5BF-46EA-A196-D0C0E60D8DDF}.Release|Any CPU.Build.0 = Release|Any CPU
	EndGlobalSection
	GlobalSection(SolutionProperties) = preSolution
		HideSolutionNode = FALSE
	EndGlobalSection
	GlobalSection(ExtensibilityGlobals) = postSolution
		SolutionGuid = {AA41BABE-BB72-4D9C-B44F-C29A447247D0}
	EndGlobalSection
EndGlobal
